PODS:
  - ObjectMapper (1.4.0)
  - SGRoutePlan (0.1.0):
    - ObjectMapper

DEPENDENCIES:
  - SGRoutePlan (from `../SGRoutePlan.podspec`)

EXTERNAL SOURCES:
  SGRoutePlan:
    :path: ../SGRoutePlan.podspec

SPEC CHECKSUMS:
  ObjectMapper: a07ad0462c5adf014adc0f89ef04c29b626e855e
  SGRoutePlan: 8aca1f1f7b5c1602b1822573078f426674c73be4

COCOAPODS: 0.39.0
